
Microsoft Visual Studio Solution File, Format Version 12.00
# Visual Studio Version 17
VisualStudioVersion = 17.5.33424.131
MinimumVisualStudioVersion = 10.0.40219.1
Project("{8BC9CEB8-8B4A-11D0-8D11-00A0C91BC942}") = "银行家算法", "银行家算法.vcxproj", "{972AFA32-F0CA-4655-906F-055C5D1ACF8C}"
EndProject
Global
	GlobalSection(SolutionConfigurationPlatforms) = preSolution
		Debug|x64 = Debug|x64
		Debug|x86 = Debug|x86
		Release|x64 = Release|x64
		Release|x86 = Release|x86
	EndGlobalSection
	GlobalSection(ProjectConfigurationPlatforms) = postSolution
		{972AFA32-F0CA-4655-906F-055C5D1ACF8C}.Debug|x64.ActiveCfg = Debug|x64
		{972AFA32-F0CA-4655-906F-055C5D1ACF8C}.Debug|x64.Build.0 = Debug|x64
		{972AFA32-F0CA-4655-906F-055C5D1ACF8C}.Debug|x86.ActiveCfg = Debug|Win32
		{972AFA32-F0CA-4655-906F-055C5D1ACF8C}.Debug|x86.Build.0 = Debug|Win32
		{972AFA32-F0CA-4655-906F-055C5D1ACF8C}.Release|x64.ActiveCfg = Release|x64
		{972AFA32-F0CA-4655-906F-055C5D1ACF8C}.Release|x64.Build.0 = Release|x64
		{972AFA32-F0CA-4655-906F-055C5D1ACF8C}.Release|x86.ActiveCfg = Release|Win32
		{972AFA32-F0CA-4655-906F-055C5D1ACF8C}.Release|x86.Build.0 = Release|Win32
	EndGlobalSection
	GlobalSection(SolutionProperties) = preSolution
		HideSolutionNode = FALSE
	EndGlobalSection
	GlobalSection(ExtensibilityGlobals) = postSolution
		SolutionGuid = {E54EA195-FCB1-4D2F-B071-D64A10B1AEF4}
	EndGlobalSection
EndGlobal
